
Microsoft Visual Studio Solution File, Format Version 12.00
# Visual Studio 15
VisualStudioVersion = 15.0.27703.2000
MinimumVisualStudioVersion = 10.0.40219.1
Project("{FAE04EC0-301F-11D3-BF4B-00C04F79EFBC}") = "PlanMy.Android", "PlanMy\PlanMy.Android\PlanMy.Android.csproj", "{6DEE4BE8-923D-4A04-8876-D8D77D7903D1}"
EndProject
Project("{FAE04EC0-301F-11D3-BF4B-00C04F79EFBC}") = "PlanMy.iOS", "PlanMy\PlanMy.iOS\PlanMy.iOS.csproj", "{0C0CD533-450A-4D44-A896-3CC4BA9EE83F}"
EndProject
Project("{FAE04EC0-301F-11D3-BF4B-00C04F79EFBC}") = "PlanMy.UWP", "PlanMy\PlanMy.UWP\PlanMy.UWP.csproj", "{5502560A-1244-436B-BB92-9903DE090A61}"
EndProject
Project("{9A19103F-16F7-4668-BE54-9A1E7A4F7556}") = "PlanMy", "PlanMy\PlanMy\PlanMy.csproj", "{06BBEB97-4BD3-4F77-A5AF-0DFD1D51F707}"
EndProject
Project("{FAE04EC0-301F-11D3-BF4B-00C04F79EFBC}") = "WooCommerce", "WooCommerce\WooCommerce.csproj", "{0A282953-AB4F-4875-BA2C-1F49F03571F8}"
EndProject
Project("{9A19103F-16F7-4668-BE54-9A1E7A4F7556}") = "WordPressPCL", "WordPressPCL\WordPressPCL.csproj", "{F396F238-D969-4FF1-B48D-9876961F20CE}"
EndProject
Global
	GlobalSection(SolutionConfigurationPlatforms) = preSolution
		Debug|Any CPU = Debug|Any CPU
		Debug|ARM = Debug|ARM
		Debug|iPhone = Debug|iPhone
		Debug|iPhoneSimulator = Debug|iPhoneSimulator
		Debug|x64 = Debug|x64
		Debug|x86 = Debug|x86
		Release|Any CPU = Release|Any CPU
		Release|ARM = Release|ARM
		Release|iPhone = Release|iPhone
		Release|iPhoneSimulator = Release|iPhoneSimulator
		Release|x64 = Release|x64
		Release|x86 = Release|x86
	EndGlobalSection
	GlobalSection(ProjectConfigurationPlatforms) = postSolution
		{6DEE4BE8-923D-4A04-8876-D8D77D7903D1}.Debug|Any CPU.ActiveCfg = Debug|Any CPU
		{6DEE4BE8-923D-4A04-8876-D8D77D7903D1}.Debug|Any CPU.Build.0 = Debug|Any CPU
		{6DEE4BE8-923D-4A04-8876-D8D77D7903D1}.Debug|Any CPU.Deploy.0 = Debug|Any CPU
		{6DEE4BE8-923D-4A04-8876-D8D77D7903D1}.Debug|ARM.ActiveCfg = Debug|Any CPU
		{6DEE4BE8-923D-4A04-8876-D8D77D7903D1}.Debug|ARM.Build.0 = Debug|Any CPU
		{6DEE4BE8-923D-4A04-8876-D8D77D7903D1}.Debug|ARM.Deploy.0 = Debug|Any CPU
		{6DEE4BE8-923D-4A04-8876-D8D77D7903D1}.Debug|iPhone.ActiveCfg = Debug|Any CPU
		{6DEE4BE8-923D-4A04-8876-D8D77D7903D1}.Debug|iPhone.Build.0 = Debug|Any CPU
		{6DEE4BE8-923D-4A04-8876-D8D77D7903D1}.Debug|iPhone.Deploy.0 = Debug|Any CPU
		{6DEE4BE8-923D-4A04-8876-D8D77D7903D1}.Debug|iPhoneSimulator.ActiveCfg = Debug|Any CPU
		{6DEE4BE8-923D-4A04-8876-D8D77D7903D1}.Debug|iPhoneSimulator.Build.0 = Debug|Any CPU
		{6DEE4BE8-923D-4A04-8876-D8D77D7903D1}.Debug|iPhoneSimulator.Deploy.0 = Debug|Any CPU
		{6DEE4BE8-923D-4A04-8876-D8D77D7903D1}.Debug|x64.ActiveCfg = Debug|Any CPU
		{6DEE4BE8-923D-4A04-8876-D8D77D7903D1}.Debug|x64.Build.0 = Debug|Any CPU
		{6DEE4BE8-923D-4A04-8876-D8D77D7903D1}.Debug|x64.Deploy.0 = Debug|Any CPU
		{6DEE4BE8-923D-4A04-8876-D8D77D7903D1}.Debug|x86.ActiveCfg = Debug|Any CPU
		{6DEE4BE8-923D-4A04-8876-D8D77D7903D1}.Debug|x86.Build.0 = Debug|Any CPU
		{6DEE4BE8-923D-4A04-8876-D8D77D7903D1}.Debug|x86.Deploy.0 = Debug|Any CPU
		{6DEE4BE8-923D-4A04-8876-D8D77D7903D1}.Release|Any CPU.ActiveCfg = Release|Any CPU
		{6DEE4BE8-923D-4A04-8876-D8D77D7903D1}.Release|Any CPU.Build.0 = Release|Any CPU
		{6DEE4BE8-923D-4A04-8876-D8D77D7903D1}.Release|Any CPU.Deploy.0 = Release|Any CPU
		{6DEE4BE8-923D-4A04-8876-D8D77D7903D1}.Release|ARM.ActiveCfg = Release|Any CPU
		{6DEE4BE8-923D-4A04-8876-D8D77D7903D1}.Release|ARM.Build.0 = Release|Any CPU
		{6DEE4BE8-923D-4A04-8876-D8D77D7903D1}.Release|ARM.Deploy.0 = Release|Any CPU
		{6DEE4BE8-923D-4A04-8876-D8D77D7903D1}.Release|iPhone.ActiveCfg = Release|Any CPU
		{6DEE4BE8-923D-4A04-8876-D8D77D7903D1}.Release|iPhone.Build.0 = Release|Any CPU
		{6DEE4BE8-923D-4A04-8876-D8D77D7903D1}.Release|iPhone.Deploy.0 = Release|Any CPU
		{6DEE4BE8-923D-4A04-8876-D8D77D7903D1}.Release|iPhoneSimulator.ActiveCfg = Release|Any CPU
		{6DEE4BE8-923D-4A04-8876-D8D77D7903D1}.Release|iPhoneSimulator.Build.0 = Release|Any CPU
		{6DEE4BE8-923D-4A04-8876-D8D77D7903D1}.Release|iPhoneSimulator.Deploy.0 = Release|Any CPU
		{6DEE4BE8-923D-4A04-8876-D8D77D7903D1}.Release|x64.ActiveCfg = Release|Any CPU
		{6DEE4BE8-923D-4A04-8876-D8D77D7903D1}.Release|x64.Build.0 = Release|Any CPU
		{6DEE4BE8-923D-4A04-8876-D8D77D7903D1}.Release|x64.Deploy.0 = Release|Any CPU
		{6DEE4BE8-923D-4A04-8876-D8D77D7903D1}.Release|x86.ActiveCfg = Release|Any CPU
		{6DEE4BE8-923D-4A04-8876-D8D77D7903D1}.Release|x86.Build.0 = Release|Any CPU
		{6DEE4BE8-923D-4A04-8876-D8D77D7903D1}.Release|x86.Deploy.0 = Release|Any CPU
		{0C0CD533-450A-4D44-A896-3CC4BA9EE83F}.Debug|Any CPU.ActiveCfg = Debug|iPhoneSimulator
		{0C0CD533-450A-4D44-A896-3CC4BA9EE83F}.Debug|Any CPU.Build.0 = Debug|iPhoneSimulator
		{0C0CD533-450A-4D44-A896-3CC4BA9EE83F}.Debug|Any CPU.Deploy.0 = Debug|iPhoneSimulator
		{0C0CD533-450A-4D44-A896-3CC4BA9EE83F}.Debug|ARM.ActiveCfg = Debug|iPhone
		{0C0CD533-450A-4D44-A896-3CC4BA9EE83F}.Debug|ARM.Build.0 = Debug|iPhone
		{0C0CD533-450A-4D44-A896-3CC4BA9EE83F}.Debug|ARM.Deploy.0 = Debug|iPhone
		{0C0CD533-450A-4D44-A896-3CC4BA9EE83F}.Debug|iPhone.ActiveCfg = Debug|iPhone
		{0C0CD533-450A-4D44-A896-3CC4BA9EE83F}.Debug|iPhone.Build.0 = Debug|iPhone
		{0C0CD533-450A-4D44-A896-3CC4BA9EE83F}.Debug|iPhone.Deploy.0 = Debug|iPhone
		{0C0CD533-450A-4D44-A896-3CC4BA9EE83F}.Debug|iPhoneSimulator.ActiveCfg = Debug|iPhoneSimulator
		{0C0CD533-450A-4D44-A896-3CC4BA9EE83F}.Debug|iPhoneSimulator.Build.0 = Debug|iPhoneSimulator
		{0C0CD533-450A-4D44-A896-3CC4BA9EE83F}.Debug|iPhoneSimulator.Deploy.0 = Debug|iPhoneSimulator
		{0C0CD533-450A-4D44-A896-3CC4BA9EE83F}.Debug|x64.ActiveCfg = Debug|iPhone
		{0C0CD533-450A-4D44-A896-3CC4BA9EE83F}.Debug|x64.Build.0 = Debug|iPhone
		{0C0CD533-450A-4D44-A896-3CC4BA9EE83F}.Debug|x64.Deploy.0 = Debug|iPhone
		{0C0CD533-450A-4D44-A896-3CC4BA9EE83F}.Debug|x86.ActiveCfg = Debug|iPhone
		{0C0CD533-450A-4D44-A896-3CC4BA9EE83F}.Debug|x86.Build.0 = Debug|iPhone
		{0C0CD533-450A-4D44-A896-3CC4BA9EE83F}.Debug|x86.Deploy.0 = Debug|iPhone
		{0C0CD533-450A-4D44-A896-3CC4BA9EE83F}.Release|Any CPU.ActiveCfg = Release|iPhone
		{0C0CD533-450A-4D44-A896-3CC4BA9EE83F}.Release|Any CPU.Build.0 = Release|iPhone
		{0C0CD533-450A-4D44-A896-3CC4BA9EE83F}.Release|Any CPU.Deploy.0 = Release|iPhone
		{0C0CD533-450A-4D44-A896-3CC4BA9EE83F}.Release|ARM.ActiveCfg = Release|iPhone
		{0C0CD533-450A-4D44-A896-3CC4BA9EE83F}.Release|ARM.Build.0 = Release|iPhone
		{0C0CD533-450A-4D44-A896-3CC4BA9EE83F}.Release|ARM.Deploy.0 = Release|iPhone
		{0C0CD533-450A-4D44-A896-3CC4BA9EE83F}.Release|iPhone.ActiveCfg = Release|iPhone
		{0C0CD533-450A-4D44-A896-3CC4BA9EE83F}.Release|iPhone.Build.0 = Release|iPhone
		{0C0CD533-450A-4D44-A896-3CC4BA9EE83F}.Release|iPhone.Deploy.0 = Release|iPhone
		{0C0CD533-450A-4D44-A896-3CC4BA9EE83F}.Release|iPhoneSimulator.ActiveCfg = Release|iPhoneSimulator
		{0C0CD533-450A-4D44-A896-3CC4BA9EE83F}.Release|iPhoneSimulator.Build.0 = Release|iPhoneSimulator
		{0C0CD533-450A-4D44-A896-3CC4BA9EE83F}.Release|iPhoneSimulator.Deploy.0 = Release|iPhoneSimulator
		{0C0CD533-450A-4D44-A896-3CC4BA9EE83F}.Release|x64.ActiveCfg = Release|iPhone
		{0C0CD533-450A-4D44-A896-3CC4BA9EE83F}.Release|x64.Build.0 = Release|iPhone
		{0C0CD533-450A-4D44-A896-3CC4BA9EE83F}.Release|x64.Deploy.0 = Release|iPhone
		{0C0CD533-450A-4D44-A896-3CC4BA9EE83F}.Release|x86.ActiveCfg = Release|iPhone
		{0C0CD533-450A-4D44-A896-3CC4BA9EE83F}.Release|x86.Build.0 = Release|iPhone
		{0C0CD533-450A-4D44-A896-3CC4BA9EE83F}.Release|x86.Deploy.0 = Release|iPhone
		{5502560A-1244-436B-BB92-9903DE090A61}.Debug|Any CPU.ActiveCfg = Debug|x86
		{5502560A-1244-436B-BB92-9903DE090A61}.Debug|Any CPU.Build.0 = Debug|x86
		{5502560A-1244-436B-BB92-9903DE090A61}.Debug|Any CPU.Deploy.0 = Debug|x86
		{5502560A-1244-436B-BB92-9903DE090A61}.Debug|ARM.ActiveCfg = Debug|ARM
		{5502560A-1244-436B-BB92-9903DE090A61}.Debug|ARM.Build.0 = Debug|ARM
		{5502560A-1244-436B-BB92-9903DE090A61}.Debug|ARM.Deploy.0 = Debug|ARM
		{5502560A-1244-436B-BB92-9903DE090A61}.Debug|iPhone.ActiveCfg = Debug|x86
		{5502560A-1244-436B-BB92-9903DE090A61}.Debug|iPhone.Build.0 = Debug|x86
		{5502560A-1244-436B-BB92-9903DE090A61}.Debug|iPhone.Deploy.0 = Debug|x86
		{5502560A-1244-436B-BB92-9903DE090A61}.Debug|iPhoneSimulator.ActiveCfg = Debug|x86
		{5502560A-1244-436B-BB92-9903DE090A61}.Debug|iPhoneSimulator.Build.0 = Debug|x86
		{5502560A-1244-436B-BB92-9903DE090A61}.Debug|iPhoneSimulator.Deploy.0 = Debug|x86
		{5502560A-1244-436B-BB92-9903DE090A61}.Debug|x64.ActiveCfg = Debug|x64
		{5502560A-1244-436B-BB92-9903DE090A61}.Debug|x64.Build.0 = Debug|x64
		{5502560A-1244-436B-BB92-9903DE090A61}.Debug|x64.Deploy.0 = Debug|x64
		{5502560A-1244-436B-BB92-9903DE090A61}.Debug|x86.ActiveCfg = Debug|x86
		{5502560A-1244-436B-BB92-9903DE090A61}.Debug|x86.Build.0 = Debug|x86
		{5502560A-1244-436B-BB92-9903DE090A61}.Debug|x86.Deploy.0 = Debug|x86
		{5502560A-1244-436B-BB92-9903DE090A61}.Release|Any CPU.ActiveCfg = Release|x86
		{5502560A-1244-436B-BB92-9903DE090A61}.Release|Any CPU.Build.0 = Release|x86
		{5502560A-1244-436B-BB92-9903DE090A61}.Release|Any CPU.Deploy.0 = Release|x86
		{5502560A-1244-436B-BB92-9903DE090A61}.Release|ARM.ActiveCfg = Release|ARM
		{5502560A-1244-436B-BB92-9903DE090A61}.Release|ARM.Build.0 = Release|ARM
		{5502560A-1244-436B-BB92-9903DE090A61}.Release|ARM.Deploy.0 = Release|ARM
		{5502560A-1244-436B-BB92-9903DE090A61}.Release|iPhone.ActiveCfg = Release|x86
		{5502560A-1244-436B-BB92-9903DE090A61}.Release|iPhone.Build.0 = Release|x86
		{5502560A-1244-436B-BB92-9903DE090A61}.Release|iPhone.Deploy.0 = Release|x86
		{5502560A-1244-436B-BB92-9903DE090A61}.Release|iPhoneSimulator.ActiveCfg = Release|x86
		{5502560A-1244-436B-BB92-9903DE090A61}.Release|iPhoneSimulator.Build.0 = Release|x86
		{5502560A-1244-436B-BB92-9903DE090A61}.Release|iPhoneSimulator.Deploy.0 = Release|x86
		{5502560A-1244-436B-BB92-9903DE090A61}.Release|x64.ActiveCfg = Release|x64
		{5502560A-1244-436B-BB92-9903DE090A61}.Release|x64.Build.0 = Release|x64
		{5502560A-1244-436B-BB92-9903DE090A61}.Release|x64.Deploy.0 = Release|x64
		{5502560A-1244-436B-BB92-9903DE090A61}.Release|x86.ActiveCfg = Release|x86
		{5502560A-1244-436B-BB92-9903DE090A61}.Release|x86.Build.0 = Release|x86
		{5502560A-1244-436B-BB92-9903DE090A61}.Release|x86.Deploy.0 = Release|x86
		{06BBEB97-4BD3-4F77-A5AF-0DFD1D51F707}.Debug|Any CPU.ActiveCfg = Debug|Any CPU
		{06BBEB97-4BD3-4F77-A5AF-0DFD1D51F707}.Debug|Any CPU.Build.0 = Debug|Any CPU
		{06BBEB97-4BD3-4F77-A5AF-0DFD1D51F707}.Debug|Any CPU.Deploy.0 = Debug|Any CPU
		{06BBEB97-4BD3-4F77-A5AF-0DFD1D51F707}.Debug|ARM.ActiveCfg = Debug|Any CPU
		{06BBEB97-4BD3-4F77-A5AF-0DFD1D51F707}.Debug|ARM.Build.0 = Debug|Any CPU
		{06BBEB97-4BD3-4F77-A5AF-0DFD1D51F707}.Debug|ARM.Deploy.0 = Debug|Any CPU
		{06BBEB97-4BD3-4F77-A5AF-0DFD1D51F707}.Debug|iPhone.ActiveCfg = Debug|Any CPU
		{06BBEB97-4BD3-4F77-A5AF-0DFD1D51F707}.Debug|iPhone.Build.0 = Debug|Any CPU
		{06BBEB97-4BD3-4F77-A5AF-0DFD1D51F707}.Debug|iPhone.Deploy.0 = Debug|Any CPU
		{06BBEB97-4BD3-4F77-A5AF-0DFD1D51F707}.Debug|iPhoneSimulator.ActiveCfg = Debug|Any CPU
		{06BBEB97-4BD3-4F77-A5AF-0DFD1D51F707}.Debug|iPhoneSimulator.Build.0 = Debug|Any CPU
		{06BBEB97-4BD3-4F77-A5AF-0DFD1D51F707}.Debug|iPhoneSimulator.Deploy.0 = Debug|Any CPU
		{06BBEB97-4BD3-4F77-A5AF-0DFD1D51F707}.Debug|x64.ActiveCfg = Debug|Any CPU
		{06BBEB97-4BD3-4F77-A5AF-0DFD1D51F707}.Debug|x64.Build.0 = Debug|Any CPU
		{06BBEB97-4BD3-4F77-A5AF-0DFD1D51F707}.Debug|x64.Deploy.0 = Debug|Any CPU
		{06BBEB97-4BD3-4F77-A5AF-0DFD1D51F707}.Debug|x86.ActiveCfg = Debug|Any CPU
		{06BBEB97-4BD3-4F77-A5AF-0DFD1D51F707}.Debug|x86.Build.0 = Debug|Any CPU
		{06BBEB97-4BD3-4F77-A5AF-0DFD1D51F707}.Debug|x86.Deploy.0 = Debug|Any CPU
		{06BBEB97-4BD3-4F77-A5AF-0DFD1D51F707}.Release|Any CPU.ActiveCfg = Release|Any CPU
		{06BBEB97-4BD3-4F77-A5AF-0DFD1D51F707}.Release|Any CPU.Build.0 = Release|Any CPU
		{06BBEB97-4BD3-4F77-A5AF-0DFD1D51F707}.Release|Any CPU.Deploy.0 = Release|Any CPU
		{06BBEB97-4BD3-4F77-A5AF-0DFD1D51F707}.Release|ARM.ActiveCfg = Release|Any CPU
		{06BBEB97-4BD3-4F77-A5AF-0DFD1D51F707}.Release|ARM.Build.0 = Release|Any CPU
		{06BBEB97-4BD3-4F77-A5AF-0DFD1D51F707}.Release|ARM.Deploy.0 = Release|Any CPU
		{06BBEB97-4BD3-4F77-A5AF-0DFD1D51F707}.Release|iPhone.ActiveCfg = Release|Any CPU
		{06BBEB97-4BD3-4F77-A5AF-0DFD1D51F707}.Release|iPhone.Build.0 = Release|Any CPU
		{06BBEB97-4BD3-4F77-A5AF-0DFD1D51F707}.Release|iPhone.Deploy.0 = Release|Any CPU
		{06BBEB97-4BD3-4F77-A5AF-0DFD1D51F707}.Release|iPhoneSimulator.ActiveCfg = Release|Any CPU
		{06BBEB97-4BD3-4F77-A5AF-0DFD1D51F707}.Release|iPhoneSimulator.Build.0 = Release|Any CPU
		{06BBEB97-4BD3-4F77-A5AF-0DFD1D51F707}.Release|iPhoneSimulator.Deploy.0 = Release|Any CPU
		{06BBEB97-4BD3-4F77-A5AF-0DFD1D51F707}.Release|x64.ActiveCfg = Release|Any CPU
		{06BBEB97-4BD3-4F77-A5AF-0DFD1D51F707}.Release|x64.Build.0 = Release|Any CPU
		{06BBEB97-4BD3-4F77-A5AF-0DFD1D51F707}.Release|x64.Deploy.0 = Release|Any CPU
		{06BBEB97-4BD3-4F77-A5AF-0DFD1D51F707}.Release|x86.ActiveCfg = Release|Any CPU
		{06BBEB97-4BD3-4F77-A5AF-0DFD1D51F707}.Release|x86.Build.0 = Release|Any CPU
		{06BBEB97-4BD3-4F77-A5AF-0DFD1D51F707}.Release|x86.Deploy.0 = Release|Any CPU
		{0A282953-AB4F-4875-BA2C-1F49F03571F8}.Debug|Any CPU.ActiveCfg = Debug|Any CPU
		{0A282953-AB4F-4875-BA2C-1F49F03571F8}.Debug|Any CPU.Build.0 = Debug|Any CPU
		{0A282953-AB4F-4875-BA2C-1F49F03571F8}.Debug|ARM.ActiveCfg = Debug|Any CPU
		{0A282953-AB4F-4875-BA2C-1F49F03571F8}.Debug|ARM.Build.0 = Debug|Any CPU
		{0A282953-AB4F-4875-BA2C-1F49F03571F8}.Debug|iPhone.ActiveCfg = Debug|Any CPU
		{0A282953-AB4F-4875-BA2C-1F49F03571F8}.Debug|iPhone.Build.0 = Debug|Any CPU
		{0A282953-AB4F-4875-BA2C-1F49F03571F8}.Debug|iPhoneSimulator.ActiveCfg = Debug|Any CPU
		{0A282953-AB4F-4875-BA2C-1F49F03571F8}.Debug|iPhoneSimulator.Build.0 = Debug|Any CPU
		{0A282953-AB4F-4875-BA2C-1F49F03571F8}.Debug|x64.ActiveCfg = Debug|Any CPU
		{0A282953-AB4F-4875-BA2C-1F49F03571F8}.Debug|x64.Build.0 = Debug|Any CPU
		{0A282953-AB4F-4875-BA2C-1F49F03571F8}.Debug|x86.ActiveCfg = Debug|Any CPU
		{0A282953-AB4F-4875-BA2C-1F49F03571F8}.Debug|x86.Build.0 = Debug|Any CPU
		{0A282953-AB4F-4875-BA2C-1F49F03571F8}.Release|Any CPU.ActiveCfg = Release|Any CPU
		{0A282953-AB4F-4875-BA2C-1F49F03571F8}.Release|Any CPU.Build.0 = Release|Any CPU
		{0A282953-AB4F-4875-BA2C-1F49F03571F8}.Release|ARM.ActiveCfg = Release|Any CPU
		{0A282953-AB4F-4875-BA2C-1F49F03571F8}.Release|ARM.Build.0 = Release|Any CPU
		{0A282953-AB4F-4875-BA2C-1F49F03571F8}.Release|iPhone.ActiveCfg = Release|Any CPU
		{0A282953-AB4F-4875-BA2C-1F49F03571F8}.Release|iPhone.Build.0 = Release|Any CPU
		{0A282953-AB4F-4875-BA2C-1F49F03571F8}.Release|iPhoneSimulator.ActiveCfg = Release|Any CPU
		{0A282953-AB4F-4875-BA2C-1F49F03571F8}.Release|iPhoneSimulator.Build.0 = Release|Any CPU
		{0A282953-AB4F-4875-BA2C-1F49F03571F8}.Release|x64.ActiveCfg = Release|Any CPU
		{0A282953-AB4F-4875-BA2C-1F49F03571F8}.Release|x64.Build.0 = Release|Any CPU
		{0A282953-AB4F-4875-BA2C-1F49F03571F8}.Release|x86.ActiveCfg = Release|Any CPU
		{0A282953-AB4F-4875-BA2C-1F49F03571F8}.Release|x86.Build.0 = Release|Any CPU
		{F396F238-D969-4FF1-B48D-9876961F20CE}.Debug|Any CPU.ActiveCfg = Debug|Any CPU
		{F396F238-D969-4FF1-B48D-9876961F20CE}.Debug|Any CPU.Build.0 = Debug|Any CPU
		{F396F238-D969-4FF1-B48D-9876961F20CE}.Debug|ARM.ActiveCfg = Debug|Any CPU
		{F396F238-D969-4FF1-B48D-9876961F20CE}.Debug|ARM.Build.0 = Debug|Any CPU
		{F396F238-D969-4FF1-B48D-9876961F20CE}.Debug|iPhone.ActiveCfg = Debug|Any CPU
		{F396F238-D969-4FF1-B48D-9876961F20CE}.Debug|iPhone.Build.0 = Debug|Any CPU
		{F396F238-D969-4FF1-B48D-9876961F20CE}.Debug|iPhoneSimulator.ActiveCfg = Debug|Any CPU
		{F396F238-D969-4FF1-B48D-9876961F20CE}.Debug|iPhoneSimulator.Build.0 = Debug|Any CPU
		{F396F238-D969-4FF1-B48D-9876961F20CE}.Debug|x64.ActiveCfg = Debug|Any CPU
		{F396F238-D969-4FF1-B48D-9876961F20CE}.Debug|x64.Build.0 = Debug|Any CPU
		{F396F238-D969-4FF1-B48D-9876961F20CE}.Debug|x86.ActiveCfg = Debug|Any CPU
		{F396F238-D969-4FF1-B48D-9876961F20CE}.Debug|x86.Build.0 = Debug|Any CPU
		{F396F238-D969-4FF1-B48D-9876961F20CE}.Release|Any CPU.ActiveCfg = Release|Any CPU
		{F396F238-D969-4FF1-B48D-9876961F20CE}.Release|Any CPU.Build.0 = Release|Any CPU
		{F396F238-D969-4FF1-B48D-9876961F20CE}.Release|ARM.ActiveCfg = Release|Any CPU
		{F396F238-D969-4FF1-B48D-9876961F20CE}.Release|ARM.Build.0 = Release|Any CPU
		{F396F238-D969-4FF1-B48D-9876961F20CE}.Release|iPhone.ActiveCfg = Release|Any CPU
		{F396F238-D969-4FF1-B48D-9876961F20CE}.Release|iPhone.Build.0 = Release|Any CPU
		{F396F238-D969-4FF1-B48D-9876961F20CE}.Release|iPhoneSimulator.ActiveCfg = Release|Any CPU
		{F396F238-D969-4FF1-B48D-9876961F20CE}.Release|iPhoneSimulator.Build.0 = Release|Any CPU
		{F396F238-D969-4FF1-B48D-9876961F20CE}.Release|x64.ActiveCfg = Release|Any CPU
		{F396F238-D969-4FF1-B48D-9876961F20CE}.Release|x64.Build.0 = Release|Any CPU
		{F396F238-D969-4FF1-B48D-9876961F20CE}.Release|x86.ActiveCfg = Release|Any CPU
		{F396F238-D969-4FF1-B48D-9876961F20CE}.Release|x86.Build.0 = Release|Any CPU
	EndGlobalSection
	GlobalSection(SolutionProperties) = preSolution
		HideSolutionNode = FALSE
	EndGlobalSection
	GlobalSection(ExtensibilityGlobals) = postSolution
		SolutionGuid = {C0605994-0A93-4679-92D7-EB1990DB670A}
	EndGlobalSection
EndGlobal
